
Microsoft Visual Studio Solution File, Format Version 12.00
# Visual Studio 15
VisualStudioVersion = 15.0.26730.16
MinimumVisualStudioVersion = 10.0.40219.1
Project("{FAE04EC0-301F-11D3-BF4B-00C04F79EFBC}") = "InvestmentCalculateor", "InvestmentCalculateor\InvestmentCalculateor.csproj", "{1388A470-3E81-4191-B43A-F5B4DD891B8A}"
EndProject
Global
	GlobalSection(SolutionConfigurationPlatforms) = preSolution
		Debug|Any CPU = Debug|Any CPU
		Release|Any CPU = Release|Any CPU
	EndGlobalSection
	GlobalSection(ProjectConfigurationPlatforms) = postSolution
		{1388A470-3E81-4191-B43A-F5B4DD891B8A}.Debug|Any CPU.ActiveCfg = Debug|Any CPU
		{1388A470-3E81-4191-B43A-F5B4DD891B8A}.Debug|Any CPU.Build.0 = Debug|Any CPU
		{1388A470-3E81-4191-B43A-F5B4DD891B8A}.Release|Any CPU.ActiveCfg = Release|Any CPU
		{1388A470-3E81-4191-B43A-F5B4DD891B8A}.Release|Any CPU.Build.0 = Release|Any CPU
	EndGlobalSection
	GlobalSection(SolutionProperties) = preSolution
		HideSolutionNode = FALSE
	EndGlobalSection
	GlobalSection(ExtensibilityGlobals) = postSolution
		SolutionGuid = {6B6892F9-B05F-4E96-A456-674DEE3571D0}
	EndGlobalSection
EndGlobal
